
Microsoft Visual Studio Solution File, Format Version 12.00
# Visual Studio 15
VisualStudioVersion = 15.0.26430.12
MinimumVisualStudioVersion = 10.0.40219.1
Project("{FAE04EC0-301F-11D3-BF4B-00C04F79EFBC}") = "CreateClass", "CreateClass\CreateClass.csproj", "{D04A8C3B-4CDF-44E3-BCC2-710B3CA08940}"
EndProject
Project("{2150E333-8FDC-42A3-9474-1A3956D46DE8}") = "Solution Items", "Solution Items", "{396C561D-3F79-4A0A-8BA9-08A3F6C793E6}"
EndProject
Global
	GlobalSection(SolutionConfigurationPlatforms) = preSolution
		Debug|Any CPU = Debug|Any CPU
		Release|Any CPU = Release|Any CPU
	EndGlobalSection
	GlobalSection(ProjectConfigurationPlatforms) = postSolution
		{D04A8C3B-4CDF-44E3-BCC2-710B3CA08940}.Debug|Any CPU.ActiveCfg = Debug|Any CPU
		{D04A8C3B-4CDF-44E3-BCC2-710B3CA08940}.Debug|Any CPU.Build.0 = Debug|Any CPU
		{D04A8C3B-4CDF-44E3-BCC2-710B3CA08940}.Release|Any CPU.ActiveCfg = Release|Any CPU
		{D04A8C3B-4CDF-44E3-BCC2-710B3CA08940}.Release|Any CPU.Build.0 = Release|Any CPU
	EndGlobalSection
	GlobalSection(SolutionProperties) = preSolution
		HideSolutionNode = FALSE
	EndGlobalSection
EndGlobal
